github.com/Krognol/go-wolfram v0.0.0-20180610151123-5b91101b92a8 h1:W7c6EO533k0Qxlg81igmCkNf8IL05YnwX/Ja0N+6oOc=
github.com/Krognol/go-wolfram v0.0.0-20180610151123-5b91101b92a8/go.mod h1:EPNgn+n1Pgo8Us091j1G61MtU6yjVwepTin6xEwlJ6w=
github.com/joho/godotenv v1.4.0 h1:3l4+N6zfMWnkbPEXKng2o2/MR5mSwTrBih4ZEkkz1lg=
github.com/joho/godotenv v1.4.0/go.mod h1:f4LDr5Voq0i2e/R5DDNOoa2zzDfwtkZa6DnEwAbqwq4=
github.com/tidwall/gjson v1.14.1 h1:iymTbGkQBhveq21bEvAQ81I0LEBork8BFe1CUZXdyuo=
github.com/tidwall/gjson v1.14.1/go.mod h1:/wbyibRr2FHMks5tjHJ5F8dMZh3AcwJEMf5vlfC0lxk=
github.com/tidwall/match v1.1.1 h1:+Ho715JplO36QYgwN9PGYNhgZvoUSc9X2c80KVTi+GA=
github.com/tidwall/match v1.1.1/go.mod h1:eRSPERbgtNPcGhD8UCthc6PmLEQXEWd3PRB5JTxsfmM=
github.com/tidwall/pretty v1.2.0 h1:RWIZEg2iJ8/g6fDDYzMpobmaoGh5OLl4AXtGUGPcqCs=
github.com/tidwall/pretty v1.2.0/go.mod h1:ITEVvHYasfjBbM0u2Pg8T2nJnzm8xPwvNhhsoaGGjNU=
github.com/wit-ai/wit-go/v2 v2.0.2 h1:poO2FW2eQqfb3iMf/54KA7nSTYkLlI7n/wu7bYubomY=
github.com/wit-ai/wit-go/v2 v2.0.2/go.mod h1:3uAerZ/h9riAOquOZc5/qPinCXrzeBO3KL/r208FWos=
